
Microsoft Visual Studio Solution File, Format Version 12.00
# Visual Studio Version 16
VisualStudioVersion = 16.0.31424.327
MinimumVisualStudioVersion = 10.0.40219.1
Project("{FAE04EC0-301F-11D3-BF4B-00C04F79EFBC}") = "PowerBin", "PowerBin\PowerBin.csproj", "{979D1688-1D3E-41F9-82FC-FB6BE358087B}"
EndProject
Global
	GlobalSection(SolutionConfigurationPlatforms) = preSolution
		Debug|Any CPU = Debug|Any CPU
		Release|Any CPU = Release|Any CPU
	EndGlobalSection
	GlobalSection(ProjectConfigurationPlatforms) = postSolution
		{979D1688-1D3E-41F9-82FC-FB6BE358087B}.Debug|Any CPU.ActiveCfg = Debug|Any CPU
		{979D1688-1D3E-41F9-82FC-FB6BE358087B}.Debug|Any CPU.Build.0 = Debug|Any CPU
		{979D1688-1D3E-41F9-82FC-FB6BE358087B}.Release|Any CPU.ActiveCfg = Release|Any CPU
		{979D1688-1D3E-41F9-82FC-FB6BE358087B}.Release|Any CPU.Build.0 = Release|Any CPU
	EndGlobalSection
	GlobalSection(SolutionProperties) = preSolution
		HideSolutionNode = FALSE
	EndGlobalSection
	GlobalSection(ExtensibilityGlobals) = postSolution
		SolutionGuid = {ADE97BB5-0CCE-4AD1-A170-D4929BB07530}
	EndGlobalSection
EndGlobal
